// !$*UTF8*$!
{
	archiveVersion = 1;
	classes = {
	};
	objectVersion = 55;
	objects = {

/* Begin PBXBuildFile section */
		D21D5D2328A7659400E1597E /* converters_iosApp.swift in Sources */ = {isa = PBXBuildFile; fileRef = D21D5D2228A7659400E1597E /* converters_iosApp.swift */; };
		D21D5D2528A7659400E1597E /* ContentView.swift in Sources */ = {isa = PBXBuildFile; fileRef = D21D5D2428A7659400E1597E /* ContentView.swift */; };
		D21D5D2728A7659600E1597E /* Assets.xcassets in Resources */ = {isa = PBXBuildFile; fileRef = D21D5D2628A7659600E1597E /* Assets.xcassets */; };
		D21D5D2A28A7659600E1597E /* Preview Assets.xcassets in Resources */ = {isa = PBXBuildFile; fileRef = D21D5D2928A7659600E1597E /* Preview Assets.xcassets */; };
		D21D5D3428A7659600E1597E /* converters_iosTests.swift in Sources */ = {isa = PBXBuildFile; fileRef = D21D5D3328A7659600E1597E /* converters_iosTests.swift */; };
		D21D5D3E28A7659600E1597E /* converters_iosUITests.swift in Sources */ = {isa = PBXBuildFile; fileRef = D21D5D3D28A7659600E1597E /* converters_iosUITests.swift */; };
		D21D5D4028A7659600E1597E /* converters_iosUITestsLaunchTests.swift in Sources */ = {isa = PBXBuildFile; fileRef = D21D5D3F28A7659600E1597E /* converters_iosUITestsLaunchTests.swift */; };
/* End PBXBuildFile section */

/* Begin PBXContainerItemProxy section */
		D21D5D3028A7659600E1597E /* PBXContainerItemProxy */ = {
			isa = PBXContainerItemProxy;
			containerPortal = D21D5D1728A7659400E1597E /* Project object */;
			proxyType = 1;
			remoteGlobalIDString = D21D5D1E28A7659400E1597E;
			remoteInfo = "converters-ios";
		};
		D21D5D3A28A7659600E1597E /* PBXContainerItemProxy */ = {
			isa = PBXContainerItemProxy;
			containerPortal = D21D5D1728A7659400E1597E /* Project object */;
			proxyType = 1;
			remoteGlobalIDString = D21D5D1E28A7659400E1597E;
			remoteInfo = "converters-ios";
		};
/* End PBXContainerItemProxy section */

/* Begin PBXFileReference section */
		D21D5D1F28A7659400E1597E /* converters-ios.app */ = {isa = PBXFileReference; explicitFileType = wrapper.application; includeInIndex = 0; path = "converters-ios.app"; sourceTree = BUILT_PRODUCTS_DIR; };
		D21D5D2228A7659400E1597E /* converters_iosApp.swift */ = {isa = PBXFileReference; lastKnownFileType = sourcecode.swift; path = converters_iosApp.swift; sourceTree = "<group>"; };
		D21D5D2428A7659400E1597E /* ContentView.swift */ = {isa = PBXFileReference; lastKnownFileType = sourcecode.swift; path = ContentView.swift; sourceTree = "<group>"; };
		D21D5D2628A7659600E1597E /* Assets.xcassets */ = {isa = PBXFileReference; lastKnownFileType = folder.assetcatalog; path = Assets.xcassets; sourceTree = "<group>"; };
		D21D5D2928A7659600E1597E /* Preview Assets.xcassets */ = {isa = PBXFileReference; lastKnownFileType = folder.assetcatalog; path = "Preview Assets.xcassets"; sourceTree = "<group>"; };
		D21D5D2F28A7659600E1597E /* converters-iosTests.xctest */ = {isa = PBXFileReference; explicitFileType = wrapper.cfbundle; includeInIndex = 0; path = "converters-iosTests.xctest"; sourceTree = BUILT_PRODUCTS_DIR; };
		D21D5D3328A7659600E1597E /* converters_iosTests.swift */ = {isa = PBXFileReference; lastKnownFileType = sourcecode.swift; path = converters_iosTests.swift; sourceTree = "<group>"; };
		D21D5D3928A7659600E1597E /* converters-iosUITests.xctest */ = {isa = PBXFileReference; explicitFileType = wrapper.cfbundle; includeInIndex = 0; path = "converters-iosUITests.xctest"; sourceTree = BUILT_PRODUCTS_DIR; };
		D21D5D3D28A7659600E1597E /* converters_iosUITests.swift */ = {isa = PBXFileReference; lastKnownFileType = sourcecode.swift; path = converters_iosUITests.swift; sourceTree = "<group>"; };
		D21D5D3F28A7659600E1597E /* converters_iosUITestsLaunchTests.swift */ = {isa = PBXFileReference; lastKnownFileType = sourcecode.swift; path = converters_iosUITestsLaunchTests.swift; sourceTree = "<group>"; };
/* End PBXFileReference section */

/* Begin PBXFrameworksBuildPhase section */
		D21D5D1C28A7659400E1597E /* Frameworks */ = {
			isa = PBXFrameworksBuildPhase;
			buildActionMask = 2147483647;
			files = (
			);
			runOnlyForDeploymentPostprocessing = 0;
		};
		D21D5D2C28A7659600E1597E /* Frameworks */ = {
			isa = PBXFrameworksBuildPhase;
			buildActionMask = 2147483647;
			files = (
			);
			runOnlyForDeploymentPostprocessing = 0;
		};
		D21D5D3628A7659600E1597E /* Frameworks */ = {
			isa = PBXFrameworksBuildPhase;
			buildActionMask = 2147483647;
			files = (
			);
			runOnlyForDeploymentPostprocessing = 0;
		};
/* End PBXFrameworksBuildPhase section */

/* Begin PBXGroup section */
		D21D5D1628A7659400E1597E = {
			isa = PBXGroup;
			children = (
				D21D5D2128A7659400E1597E /* converters-ios */,
				D21D5D3228A7659600E1597E /* converters-iosTests */,
				D21D5D3C28A7659600E1597E /* converters-iosUITests */,
				D21D5D2028A7659400E1597E /* Products */,
			);
			sourceTree = "<group>";
		};
		D21D5D2028A7659400E1597E /* Products */ = {
			isa = PBXGroup;
			children = (
				D21D5D1F28A7659400E1597E /* converters-ios.app */,
				D21D5D2F28A7659600E1597E /* converters-iosTests.xctest */,
				D21D5D3928A7659600E1597E /* converters-iosUITests.xctest */,
			);
			name = Products;
			sourceTree = "<group>";
		};
		D21D5D2128A7659400E1597E /* converters-ios */ = {
			isa = PBXGroup;
			children = (
				D21D5D4C28A7671000E1597E /* Views */,
				D21D5D2228A7659400E1597E /* converters_iosApp.swift */,
				D21D5D2628A7659600E1597E /* Assets.xcassets */,
				D21D5D2828A7659600E1597E /* Preview Content */,
			);
			path = "converters-ios";
			sourceTree = "<group>";
		};
		D21D5D2828A7659600E1597E /* Preview Content */ = {
			isa = PBXGroup;
			children = (
				D21D5D2928A7659600E1597E /* Preview Assets.xcassets */,
			);
			path = "Preview Content";
			sourceTree = "<group>";
		};
		D21D5D3228A7659600E1597E /* converters-iosTests */ = {
			isa = PBXGroup;
			children = (
				D21D5D3328A7659600E1597E /* converters_iosTests.swift */,
			);
			path = "converters-iosTests";
			sourceTree = "<group>";
		};
		D21D5D3C28A7659600E1597E /* converters-iosUITests */ = {
			isa = PBXGroup;
			children = (
				D21D5D3D28A7659600E1597E /* converters_iosUITests.swift */,
				D21D5D3F28A7659600E1597E /* converters_iosUITestsLaunchTests.swift */,
			);
			path = "converters-iosUITests";
			sourceTree = "<group>";
		};
		D21D5D4C28A7671000E1597E /* Views */ = {
			isa = PBXGroup;
			children = (
				D21D5D2428A7659400E1597E /* ContentView.swift */,
			);
			path = Views;
			sourceTree = "<group>";
		};
/* End PBXGroup section */

/* Begin PBXNativeTarget section */
		D21D5D1E28A7659400E1597E /* converters-ios */ = {
			isa = PBXNativeTarget;
			buildConfigurationList = D21D5D4328A7659600E1597E /* Build configuration list for PBXNativeTarget "converters-ios" */;
			buildPhases = (
				D21D5D1B28A7659400E1597E /* Sources */,
				D21D5D1C28A7659400E1597E /* Frameworks */,
				D21D5D1D28A7659400E1597E /* Resources */,
			);
			buildRules = (
			);
			dependencies = (
			);
			name = "converters-ios";
			productName = "converters-ios";
			productReference = D21D5D1F28A7659400E1597E /* converters-ios.app */;
			productType = "com.apple.product-type.application";
		};
		D21D5D2E28A7659600E1597E /* converters-iosTests */ = {
			isa = PBXNativeTarget;
			buildConfigurationList = D21D5D4628A7659600E1597E /* Build configuration list for PBXNativeTarget "converters-iosTests" */;
			buildPhases = (
				D21D5D2B28A7659600E1597E /* Sources */,
				D21D5D2C28A7659600E1597E /* Frameworks */,
				D21D5D2D28A7659600E1597E /* Resources */,
			);
			buildRules = (
			);
			dependencies = (
				D21D5D3128A7659600E1597E /* PBXTargetDependency */,
			);
			name = "converters-iosTests";
			productName = "converters-iosTests";
			productReference = D21D5D2F28A7659600E1597E /* converters-iosTests.xctest */;
			productType = "com.apple.product-type.bundle.unit-test";
		};
		D21D5D3828A7659600E1597E /* converters-iosUITests */ = {
			isa = PBXNativeTarget;
			buildConfigurationList = D21D5D4928A7659600E1597E /* Build configuration list for PBXNativeTarget "converters-iosUITests" */;
			buildPhases = (
				D21D5D3528A7659600E1597E /* Sources */,
				D21D5D3628A7659600E1597E /* Frameworks */,
				D21D5D3728A7659600E1597E /* Resources */,
			);
			buildRules = (
			);
			dependencies = (
				D21D5D3B28A7659600E1597E /* PBXTargetDependency */,
			);
			name = "converters-iosUITests";
			productName = "converters-iosUITests";
			productReference = D21D5D3928A7659600E1597E /* converters-iosUITests.xctest */;
			productType = "com.apple.product-type.bundle.ui-testing";
		};
/* End PBXNativeTarget section */

/* Begin PBXProject section */
		D21D5D1728A7659400E1597E /* Project object */ = {
			isa = PBXProject;
			attributes = {
				BuildIndependentTargetsInParallel = 1;
				LastSwiftUpdateCheck = 1340;
				LastUpgradeCheck = 1340;
				TargetAttributes = {
					D21D5D1E28A7659400E1597E = {
						CreatedOnToolsVersion = 13.4.1;
					};
					D21D5D2E28A7659600E1597E = {
						CreatedOnToolsVersion = 13.4.1;
						TestTargetID = D21D5D1E28A7659400E1597E;
					};
					D21D5D3828A7659600E1597E = {
						CreatedOnToolsVersion = 13.4.1;
						TestTargetID = D21D5D1E28A7659400E1597E;
					};
				};
			};
			buildConfigurationList = D21D5D1A28A7659400E1597E /* Build configuration list for PBXProject "converters-ios" */;
			compatibilityVersion = "Xcode 13.0";
			developmentRegion = en;
			hasScannedForEncodings = 0;
			knownRegions = (
				en,
				Base,
			);
			mainGroup = D21D5D1628A7659400E1597E;
			productRefGroup = D21D5D2028A7659400E1597E /* Products */;
			projectDirPath = "";
			projectRoot = "";
			targets = (
				D21D5D1E28A7659400E1597E /* converters-ios */,
				D21D5D2E28A7659600E1597E /* converters-iosTests */,
				D21D5D3828A7659600E1597E /* converters-iosUITests */,
			);
		};
/* End PBXProject section */

/* Begin PBXResourcesBuildPhase section */
		D21D5D1D28A7659400E1597E /* Resources */ = {
			isa = PBXResourcesBuildPhase;
			buildActionMask = 2147483647;
			files = (
				D21D5D2A28A7659600E1597E /* Preview Assets.xcassets in Resources */,
				D21D5D2728A7659600E1597E /* Assets.xcassets in Resources */,
			);
			runOnlyForDeploymentPostprocessing = 0;
		};
		D21D5D2D28A7659600E1597E /* Resources */ = {
			isa = PBXResourcesBuildPhase;
			buildActionMask = 2147483647;
			files = (
			);
			runOnlyForDeploymentPostprocessing = 0;
		};
		D21D5D3728A7659600E1597E /* Resources */ = {
			isa = PBXResourcesBuildPhase;
			buildActionMask = 2147483647;
			files = (
			);
			runOnlyForDeploymentPostprocessing = 0;
		};
/* End PBXResourcesBuildPhase section */

/* Begin PBXSourcesBuildPhase section */
		D21D5D1B28A7659400E1597E /* Sources */ = {
			isa = PBXSourcesBuildPhase;
			buildActionMask = 2147483647;
			files = (
				D21D5D2528A7659400E1597E /* ContentView.swift in Sources */,
				D21D5D2328A7659400E1597E /* converters_iosApp.swift in Sources */,
			);
			runOnlyForDeploymentPostprocessing = 0;
		};
		D21D5D2B28A7659600E1597E /* Sources */ = {
			isa = PBXSourcesBuildPhase;
			buildActionMask = 2147483647;
			files = (
				D21D5D3428A7659600E1597E /* converters_iosTests.swift in Sources */,
			);
			runOnlyForDeploymentPostprocessing = 0;
		};
		D21D5D3528A7659600E1597E /* Sources */ = {
			isa = PBXSourcesBuildPhase;
			buildActionMask = 2147483647;
			files = (
				D21D5D3E28A7659600E1597E /* converters_iosUITests.swift in Sources */,
				D21D5D4028A7659600E1597E /* converters_iosUITestsLaunchTests.swift in Sources */,
			);
			runOnlyForDeploymentPostprocessing = 0;
		};
/* End PBXSourcesBuildPhase section */

/* Begin PBXTargetDependency section */
		D21D5D3128A7659600E1597E /* PBXTargetDependency */ = {
			isa = PBXTargetDependency;
			target = D21D5D1E28A7659400E1597E /* converters-ios */;
			targetProxy = D21D5D3028A7659600E1597E /* PBXContainerItemProxy */;
		};
		D21D5D3B28A7659600E1597E /* PBXTargetDependency */ = {
			isa = PBXTargetDependency;
			target = D21D5D1E28A7659400E1597E /* converters-ios */;
			targetProxy = D21D5D3A28A7659600E1597E /* PBXContainerItemProxy */;
		};
/* End PBXTargetDependency section */

/* Begin XCBuildConfiguration section */
		D21D5D4128A7659600E1597E /* Debug */ = {
			isa = XCBuildConfiguration;
			buildSettings = {
				ALWAYS_SEARCH_USER_PATHS = NO;
				CLANG_ANALYZER_NONNULL = YES;
				CLANG_ANALYZER_NUMBER_OBJECT_CONVERSION = YES_AGGRESSIVE;
				CLANG_CXX_LANGUAGE_STANDARD = "gnu++17";
				CLANG_ENABLE_MODULES = YES;
				CLANG_ENABLE_OBJC_ARC = YES;
				CLANG_ENABLE_OBJC_WEAK = YES;
				CLANG_WARN_BLOCK_CAPTURE_AUTORELEASING = YES;
				CLANG_WARN_BOOL_CONVERSION = YES;
				CLANG_WARN_COMMA = YES;
				CLANG_WARN_CONSTANT_CONVERSION = YES;
				CLANG_WARN_DEPRECATED_OBJC_IMPLEMENTATIONS = YES;
				CLANG_WARN_DIRECT_OBJC_ISA_USAGE = YES_ERROR;
				CLANG_WARN_DOCUMENTATION_COMMENTS = YES;
				CLANG_WARN_EMPTY_BODY = YES;
				CLANG_WARN_ENUM_CONVERSION = YES;
				CLANG_WARN_INFINITE_RECURSION = YES;
				CLANG_WARN_INT_CONVERSION = YES;
				CLANG_WARN_NON_LITERAL_NULL_CONVERSION = YES;
				CLANG_WARN_OBJC_IMPLICIT_RETAIN_SELF = YES;
				CLANG_WARN_OBJC_LITERAL_CONVERSION = YES;
				CLANG_WARN_OBJC_ROOT_CLASS = YES_ERROR;
				CLANG_WARN_QUOTED_INCLUDE_IN_FRAMEWORK_HEADER = YES;
				CLANG_WARN_RANGE_LOOP_ANALYSIS = YES;
				CLANG_WARN_STRICT_PROTOTYPES = YES;
				CLANG_WARN_SUSPICIOUS_MOVE = YES;
				CLANG_WARN_UNGUARDED_AVAILABILITY = YES_AGGRESSIVE;
				CLANG_WARN_UNREACHABLE_CODE = YES;
				CLANG_WARN__DUPLICATE_METHOD_MATCH = YES;
				COPY_PHASE_STRIP = NO;
				DEBUG_INFORMATION_FORMAT = dwarf;
				ENABLE_STRICT_OBJC_MSGSEND = YES;
				ENABLE_TESTABILITY = YES;
				GCC_C_LANGUAGE_STANDARD = gnu11;
				GCC_DYNAMIC_NO_PIC = NO;
				GCC_NO_COMMON_BLOCKS = YES;
				GCC_OPTIMIZATION_LEVEL = 0;
				GCC_PREPROCESSOR_DEFINITIONS = (
					"DEBUG=1",
					"$(inherited)",
				);
				GCC_WARN_64_TO_32_BIT_CONVERSION = YES;
				GCC_WARN_ABOUT_RETURN_TYPE = YES_ERROR;
				GCC_WARN_UNDECLARED_SELECTOR = YES;
				GCC_WARN_UNINITIALIZED_AUTOS = YES_AGGRESSIVE;
				GCC_WARN_UNUSED_FUNCTION = YES;
				GCC_WARN_UNUSED_VARIABLE = YES;
				IPHONEOS_DEPLOYMENT_TARGET = 15.0;
				MTL_ENABLE_DEBUG_INFO = INCLUDE_SOURCE;
				MTL_FAST_MATH = YES;
				ONLY_ACTIVE_ARCH = YES;
				SDKROOT = iphoneos;
				SWIFT_ACTIVE_COMPILATION_CONDITIONS = DEBUG;
				SWIFT_OPTIMIZATION_LEVEL = "-Onone";
			};
			name = Debug;
		};
		D21D5D4228A7659600E1597E /* Release */ = {
			isa = XCBuildConfiguration;
			buildSettings = {
				ALWAYS_SEARCH_USER_PATHS = NO;
				CLANG_ANALYZER_NONNULL = YES;
				CLANG_ANALYZER_NUMBER_OBJECT_CONVERSION = YES_AGGRESSIVE;
				CLANG_CXX_LANGUAGE_STANDARD = "gnu++17";
				CLANG_ENABLE_MODULES = YES;
				CLANG_ENABLE_OBJC_ARC = YES;
				CLANG_ENABLE_OBJC_WEAK = YES;
				CLANG_WARN_BLOCK_CAPTURE_AUTORELEASING = YES;
				CLANG_WARN_BOOL_CONVERSION = YES;
				CLANG_WARN_COMMA = YES;
				CLANG_WARN_CONSTANT_CONVERSION = YES;
				CLANG_WARN_DEPRECATED_OBJC_IMPLEMENTATIONS = YES;
				CLANG_WARN_DIRECT_OBJC_ISA_USAGE = YES_ERROR;
				CLANG_WARN_DOCUMENTATION_COMMENTS = YES;
				CLANG_WARN_EMPTY_BODY = YES;
				CLANG_WARN_ENUM_CONVERSION = YES;
				CLANG_WARN_INFINITE_RECURSION = YES;
				CLANG_WARN_INT_CONVERSION = YES;
				CLANG_WARN_NON_LITERAL_NULL_CONVERSION = YES;
				CLANG_WARN_OBJC_IMPLICIT_RETAIN_SELF = YES;
				CLANG_WARN_OBJC_LITERAL_CONVERSION = YES;
				CLANG_WARN_OBJC_ROOT_CLASS = YES_ERROR;
				CLANG_WARN_QUOTED_INCLUDE_IN_FRAMEWORK_HEADER = YES;
				CLANG_WARN_RANGE_LOOP_ANALYSIS = YES;
				CLANG_WARN_STRICT_PROTOTYPES = YES;
				CLANG_WARN_SUSPICIOUS_MOVE = YES;
				CLANG_WARN_UNGUARDED_AVAILABILITY = YES_AGGRESSIVE;
				CLANG_WARN_UNREACHABLE_CODE = YES;
				CLANG_WARN__DUPLICATE_METHOD_MATCH = YES;
				COPY_PHASE_STRIP = NO;
				DEBUG_INFORMATION_FORMAT = "dwarf-with-dsym";
				ENABLE_NS_ASSERTIONS = NO;
				ENABLE_STRICT_OBJC_MSGSEND = YES;
				GCC_C_LANGUAGE_STANDARD = gnu11;
				GCC_NO_COMMON_BLOCKS = YES;
				GCC_WARN_64_TO_32_BIT_CONVERSION = YES;
				GCC_WARN_ABOUT_RETURN_TYPE = YES_ERROR;
				GCC_WARN_UNDECLARED_SELECTOR = YES;
				GCC_WARN_UNINITIALIZED_AUTOS = YES_AGGRESSIVE;
				GCC_WARN_UNUSED_FUNCTION = YES;
				GCC_WARN_UNUSED_VARIABLE = YES;
				IPHONEOS_DEPLOYMENT_TARGET = 15.0;
				MTL_ENABLE_DEBUG_INFO = NO;
				MTL_FAST_MATH = YES;
				SDKROOT = iphoneos;
				SWIFT_COMPILATION_MODE = wholemodule;
				SWIFT_OPTIMIZATION_LEVEL = "-O";
				VALIDATE_PRODUCT = YES;
			};
			name = Release;
		};
		D21D5D4428A7659600E1597E /* Debug */ = {
			isa = XCBuildConfiguration;
			buildSettings = {
				ASSETCATALOG_COMPILER_APPICON_NAME = AppIcon;
				ASSETCATALOG_COMPILER_GLOBAL_ACCENT_COLOR_NAME = AccentColor;
				CODE_SIGN_STYLE = Automatic;
				CURRENT_PROJECT_VERSION = 1;
				DEVELOPMENT_ASSET_PATHS = "\"converters-ios/Preview Content\"";
				DEVELOPMENT_TEAM = FFSK8595GW;
				ENABLE_PREVIEWS = YES;
				GENERATE_INFOPLIST_FILE = YES;
				INFOPLIST_KEY_UIApplicationSceneManifest_Generation = YES;
				INFOPLIST_KEY_UIApplicationSupportsIndirectInputEvents = YES;
				INFOPLIST_KEY_UILaunchScreen_Generation = YES;
				INFOPLIST_KEY_UISupportedInterfaceOrientations_iPad = "UIInterfaceOrientationPortrait UIInterfaceOrientationPortraitUpsideDown UIInterfaceOrientationLandscapeLeft UIInterfaceOrientationLandscapeRight";
				INFOPLIST_KEY_UISupportedInterfaceOrientations_iPhone = "UIInterfaceOrientationPortrait UIInterfaceOrientationLandscapeLeft UIInterfaceOrientationLandscapeRight";
				LD_RUNPATH_SEARCH_PATHS = (
					"$(inherited)",
					"@executable_path/Frameworks",
				);
				MARKETING_VERSION = 1.0;
				PRODUCT_BUNDLE_IDENTIFIER = "br.com.rodrigoamora.converters-ios";
				PRODUCT_NAME = "$(TARGET_NAME)";
				SWIFT_EMIT_LOC_STRINGS = YES;
				SWIFT_VERSION = 5.0;
				TARGETED_DEVICE_FAMILY = "1,2";
			};
			name = Debug;
		};
		D21D5D4528A7659600E1597E /* Release */ = {
			isa = XCBuildConfiguration;
			buildSettings = {
				ASSETCATALOG_COMPILER_APPICON_NAME = AppIcon;
				ASSETCATALOG_COMPILER_GLOBAL_ACCENT_COLOR_NAME = AccentColor;
				CODE_SIGN_STYLE = Automatic;
				CURRENT_PROJECT_VERSION = 1;
				DEVELOPMENT_ASSET_PATHS = "\"converters-ios/Preview Content\"";
				DEVELOPMENT_TEAM = FFSK8595GW;
				ENABLE_PREVIEWS = YES;
				GENERATE_INFOPLIST_FILE = YES;
				INFOPLIST_KEY_UIApplicationSceneManifest_Generation = YES;
				INFOPLIST_KEY_UIApplicationSupportsIndirectInputEvents = YES;
				INFOPLIST_KEY_UILaunchScreen_Generation = YES;
				INFOPLIST_KEY_UISupportedInterfaceOrientations_iPad = "UIInterfaceOrientationPortrait UIInterfaceOrientationPortraitUpsideDown UIInterfaceOrientationLandscapeLeft UIInterfaceOrientationLandscapeRight";
				INFOPLIST_KEY_UISupportedInterfaceOrientations_iPhone = "UIInterfaceOrientationPortrait UIInterfaceOrientationLandscapeLeft UIInterfaceOrientationLandscapeRight";
				LD_RUNPATH_SEARCH_PATHS = (
					"$(inherited)",
					"@executable_path/Frameworks",
				);
				MARKETING_VERSION = 1.0;
				PRODUCT_BUNDLE_IDENTIFIER = "br.com.rodrigoamora.converters-ios";
				PRODUCT_NAME = "$(TARGET_NAME)";
				SWIFT_EMIT_LOC_STRINGS = YES;
				SWIFT_VERSION = 5.0;
				TARGETED_DEVICE_FAMILY = "1,2";
			};
			name = Release;
		};
		D21D5D4728A7659600E1597E /* Debug */ = {
			isa = XCBuildConfiguration;
			buildSettings = {
				ALWAYS_EMBED_SWIFT_STANDARD_LIBRARIES = YES;
				BUNDLE_LOADER = "$(TEST_HOST)";
				CODE_SIGN_STYLE = Automatic;
				CURRENT_PROJECT_VERSION = 1;
				DEVELOPMENT_TEAM = FFSK8595GW;
				GENERATE_INFOPLIST_FILE = YES;
				IPHONEOS_DEPLOYMENT_TARGET = 15.5;
				MARKETING_VERSION = 1.0;
				PRODUCT_BUNDLE_IDENTIFIER = "br.com.rodrigoamora.converters-iosTests";
				PRODUCT_NAME = "$(TARGET_NAME)";
				SWIFT_EMIT_LOC_STRINGS = NO;
				SWIFT_VERSION = 5.0;
				TARGETED_DEVICE_FAMILY = "1,2";
				TEST_HOST = "$(BUILT_PRODUCTS_DIR)/converters-ios.app/converters-ios";
			};
			name = Debug;
		};
		D21D5D4828A7659600E1597E /* Release */ = {
			isa = XCBuildConfiguration;
			buildSettings = {
				ALWAYS_EMBED_SWIFT_STANDARD_LIBRARIES = YES;
				BUNDLE_LOADER = "$(TEST_HOST)";
				CODE_SIGN_STYLE = Automatic;
				CURRENT_PROJECT_VERSION = 1;
				DEVELOPMENT_TEAM = FFSK8595GW;
				GENERATE_INFOPLIST_FILE = YES;
				IPHONEOS_DEPLOYMENT_TARGET = 15.5;
				MARKETING_VERSION = 1.0;
				PRODUCT_BUNDLE_IDENTIFIER = "br.com.rodrigoamora.converters-iosTests";
				PRODUCT_NAME = "$(TARGET_NAME)";
				SWIFT_EMIT_LOC_STRINGS = NO;
				SWIFT_VERSION = 5.0;
				TARGETED_DEVICE_FAMILY = "1,2";
				TEST_HOST = "$(BUILT_PRODUCTS_DIR)/converters-ios.app/converters-ios";
			};
			name = Release;
		};
		D21D5D4A28A7659600E1597E /* Debug */ = {
			isa = XCBuildConfiguration;
			buildSettings = {
				ALWAYS_EMBED_SWIFT_STANDARD_LIBRARIES = YES;
				CODE_SIGN_STYLE = Automatic;
				CURRENT_PROJECT_VERSION = 1;
				DEVELOPMENT_TEAM = FFSK8595GW;
				GENERATE_INFOPLIST_FILE = YES;
				MARKETING_VERSION = 1.0;
				PRODUCT_BUNDLE_IDENTIFIER = "br.com.rodrigoamora.converters-iosUITests";
				PRODUCT_NAME = "$(TARGET_NAME)";
				SWIFT_EMIT_LOC_STRINGS = NO;
				SWIFT_VERSION = 5.0;
				TARGETED_DEVICE_FAMILY = "1,2";
				TEST_TARGET_NAME = "converters-ios";
			};
			name = Debug;
		};
		D21D5D4B28A7659600E1597E /* Release */ = {
			isa = XCBuildConfiguration;
			buildSettings = {
				ALWAYS_EMBED_SWIFT_STANDARD_LIBRARIES = YES;
				CODE_SIGN_STYLE = Automatic;
				CURRENT_PROJECT_VERSION = 1;
				DEVELOPMENT_TEAM = FFSK8595GW;
				GENERATE_INFOPLIST_FILE = YES;
				MARKETING_VERSION = 1.0;
				PRODUCT_BUNDLE_IDENTIFIER = "br.com.rodrigoamora.converters-iosUITests";
				PRODUCT_NAME = "$(TARGET_NAME)";
				SWIFT_EMIT_LOC_STRINGS = NO;
				SWIFT_VERSION = 5.0;
				TARGETED_DEVICE_FAMILY = "1,2";
				TEST_TARGET_NAME = "converters-ios";
			};
			name = Release;
		};
/* End XCBuildConfiguration section */

/* Begin XCConfigurationList section */
		D21D5D1A28A7659400E1597E /* Build configuration list for PBXProject "converters-ios" */ = {
			isa = XCConfigurationList;
			buildConfigurations = (
				D21D5D4128A7659600E1597E /* Debug */,
				D21D5D4228A7659600E1597E /* Release */,
			);
			defaultConfigurationIsVisible = 0;
			defaultConfigurationName = Release;
		};
		D21D5D4328A7659600E1597E /* Build configuration list for PBXNativeTarget "converters-ios" */ = {
			isa = XCConfigurationList;
			buildConfigurations = (
				D21D5D4428A7659600E1597E /* Debug */,
				D21D5D4528A7659600E1597E /* Release */,
			);
			defaultConfigurationIsVisible = 0;
			defaultConfigurationName = Release;
		};
		D21D5D4628A7659600E1597E /* Build configuration list for PBXNativeTarget "converters-iosTests" */ = {
			isa = XCConfigurationList;
			buildConfigurations = (
				D21D5D4728A7659600E1597E /* Debug */,
				D21D5D4828A7659600E1597E /* Release */,
			);
			defaultConfigurationIsVisible = 0;
			defaultConfigurationName = Release;
		};
		D21D5D4928A7659600E1597E /* Build configuration list for PBXNativeTarget "converters-iosUITests" */ = {
			isa = XCConfigurationList;
			buildConfigurations = (
				D21D5D4A28A7659600E1597E /* Debug */,
				D21D5D4B28A7659600E1597E /* Release */,
			);
			defaultConfigurationIsVisible = 0;
			defaultConfigurationName = Release;
		};
/* End XCConfigurationList section */
	};
	rootObject = D21D5D1728A7659400E1597E /* Project object */;
}
